// !$*UTF8*$!
{
	archiveVersion = 1;
	classes = {
	};
	objectVersion = 50;
	objects = {

/* Begin PBXBuildFile section */
		773F383D24BBCF2500884B7A /* AppDelegate.swift in Sources */ = {isa = PBXBuildFile; fileRef = 773F383C24BBCF2500884B7A /* AppDelegate.swift */; };
		773F383F24BBCF2500884B7A /* art.scnassets in Resources */ = {isa = PBXBuildFile; fileRef = 773F383E24BBCF2500884B7A /* art.scnassets */; };
		773F384124BBCF2500884B7A /* ViewController.swift in Sources */ = {isa = PBXBuildFile; fileRef = 773F384024BBCF2500884B7A /* ViewController.swift */; };
		773F384424BBCF2500884B7A /* Main.storyboard in Resources */ = {isa = PBXBuildFile; fileRef = 773F384224BBCF2500884B7A /* Main.storyboard */; };
		773F384624BBCF2600884B7A /* Assets.xcassets in Resources */ = {isa = PBXBuildFile; fileRef = 773F384524BBCF2600884B7A /* Assets.xcassets */; };
		773F384924BBCF2600884B7A /* LaunchScreen.storyboard in Resources */ = {isa = PBXBuildFile; fileRef = 773F384724BBCF2600884B7A /* LaunchScreen.storyboard */; };
		773F385424BBCF2600884B7A /* HelloAugmentedWorldTests.swift in Sources */ = {isa = PBXBuildFile; fileRef = 773F385324BBCF2600884B7A /* HelloAugmentedWorldTests.swift */; };
		773F385F24BBCF2600884B7A /* HelloAugmentedWorldUITests.swift in Sources */ = {isa = PBXBuildFile; fileRef = 773F385E24BBCF2600884B7A /* HelloAugmentedWorldUITests.swift */; };
/* End PBXBuildFile section */

/* Begin PBXContainerItemProxy section */
		773F385024BBCF2600884B7A /* PBXContainerItemProxy */ = {
			isa = PBXContainerItemProxy;
			containerPortal = 773F383124BBCF2500884B7A /* Project object */;
			proxyType = 1;
			remoteGlobalIDString = 773F383824BBCF2500884B7A;
			remoteInfo = HelloAugmentedWorld;
		};
		773F385B24BBCF2600884B7A /* PBXContainerItemProxy */ = {
			isa = PBXContainerItemProxy;
			containerPortal = 773F383124BBCF2500884B7A /* Project object */;
			proxyType = 1;
			remoteGlobalIDString = 773F383824BBCF2500884B7A;
			remoteInfo = HelloAugmentedWorld;
		};
/* End PBXContainerItemProxy section */

/* Begin PBXFileReference section */
		773F383924BBCF2500884B7A /* HelloAugmentedWorld.app */ = {isa = PBXFileReference; explicitFileType = wrapper.application; includeInIndex = 0; path = HelloAugmentedWorld.app; sourceTree = BUILT_PRODUCTS_DIR; };
		773F383C24BBCF2500884B7A /* AppDelegate.swift */ = {isa = PBXFileReference; lastKnownFileType = sourcecode.swift; path = AppDelegate.swift; sourceTree = "<group>"; };
		773F383E24BBCF2500884B7A /* art.scnassets */ = {isa = PBXFileReference; lastKnownFileType = wrapper.scnassets; path = art.scnassets; sourceTree = "<group>"; };
		773F384024BBCF2500884B7A /* ViewController.swift */ = {isa = PBXFileReference; lastKnownFileType = sourcecode.swift; path = ViewController.swift; sourceTree = "<group>"; };
		773F384324BBCF2500884B7A /* Base */ = {isa = PBXFileReference; lastKnownFileType = file.storyboard; name = Base; path = Base.lproj/Main.storyboard; sourceTree = "<group>"; };
		773F384524BBCF2600884B7A /* Assets.xcassets */ = {isa = PBXFileReference; lastKnownFileType = folder.assetcatalog; path = Assets.xcassets; sourceTree = "<group>"; };
		773F384824BBCF2600884B7A /* Base */ = {isa = PBXFileReference; lastKnownFileType = file.storyboard; name = Base; path = Base.lproj/LaunchScreen.storyboard; sourceTree = "<group>"; };
		773F384A24BBCF2600884B7A /* Info.plist */ = {isa = PBXFileReference; lastKnownFileType = text.plist.xml; path = Info.plist; sourceTree = "<group>"; };
		773F384F24BBCF2600884B7A /* HelloAugmentedWorldTests.xctest */ = {isa = PBXFileReference; explicitFileType = wrapper.cfbundle; includeInIndex = 0; path = HelloAugmentedWorldTests.xctest; sourceTree = BUILT_PRODUCTS_DIR; };
		773F385324BBCF2600884B7A /* HelloAugmentedWorldTests.swift */ = {isa = PBXFileReference; lastKnownFileType = sourcecode.swift; path = HelloAugmentedWorldTests.swift; sourceTree = "<group>"; };
		773F385524BBCF2600884B7A /* Info.plist */ = {isa = PBXFileReference; lastKnownFileType = text.plist.xml; path = Info.plist; sourceTree = "<group>"; };
		773F385A24BBCF2600884B7A /* HelloAugmentedWorldUITests.xctest */ = {isa = PBXFileReference; explicitFileType = wrapper.cfbundle; includeInIndex = 0; path = HelloAugmentedWorldUITests.xctest; sourceTree = BUILT_PRODUCTS_DIR; };
		773F385E24BBCF2600884B7A /* HelloAugmentedWorldUITests.swift */ = {isa = PBXFileReference; lastKnownFileType = sourcecode.swift; path = HelloAugmentedWorldUITests.swift; sourceTree = "<group>"; };
		773F386024BBCF2600884B7A /* Info.plist */ = {isa = PBXFileReference; lastKnownFileType = text.plist.xml; path = Info.plist; sourceTree = "<group>"; };
/* End PBXFileReference section */

/* Begin PBXFrameworksBuildPhase section */
		773F383624BBCF2500884B7A /* Frameworks */ = {
			isa = PBXFrameworksBuildPhase;
			buildActionMask = 2147483647;
			files = (
			);
			runOnlyForDeploymentPostprocessing = 0;
		};
		773F384C24BBCF2600884B7A /* Frameworks */ = {
			isa = PBXFrameworksBuildPhase;
			buildActionMask = 2147483647;
			files = (
			);
			runOnlyForDeploymentPostprocessing = 0;
		};
		773F385724BBCF2600884B7A /* Frameworks */ = {
			isa = PBXFrameworksBuildPhase;
			buildActionMask = 2147483647;
			files = (
			);
			runOnlyForDeploymentPostprocessing = 0;
		};
/* End PBXFrameworksBuildPhase section */

/* Begin PBXGroup section */
		773F383024BBCF2500884B7A = {
			isa = PBXGroup;
			children = (
				773F383B24BBCF2500884B7A /* HelloAugmentedWorld */,
				773F385224BBCF2600884B7A /* HelloAugmentedWorldTests */,
				773F385D24BBCF2600884B7A /* HelloAugmentedWorldUITests */,
				773F383A24BBCF2500884B7A /* Products */,
			);
			sourceTree = "<group>";
		};
		773F383A24BBCF2500884B7A /* Products */ = {
			isa = PBXGroup;
			children = (
				773F383924BBCF2500884B7A /* HelloAugmentedWorld.app */,
				773F384F24BBCF2600884B7A /* HelloAugmentedWorldTests.xctest */,
				773F385A24BBCF2600884B7A /* HelloAugmentedWorldUITests.xctest */,
			);
			name = Products;
			sourceTree = "<group>";
		};
		773F383B24BBCF2500884B7A /* HelloAugmentedWorld */ = {
			isa = PBXGroup;
			children = (
				773F383C24BBCF2500884B7A /* AppDelegate.swift */,
				773F383E24BBCF2500884B7A /* art.scnassets */,
				773F384024BBCF2500884B7A /* ViewController.swift */,
				773F384224BBCF2500884B7A /* Main.storyboard */,
				773F384524BBCF2600884B7A /* Assets.xcassets */,
				773F384724BBCF2600884B7A /* LaunchScreen.storyboard */,
				773F384A24BBCF2600884B7A /* Info.plist */,
			);
			path = HelloAugmentedWorld;
			sourceTree = "<group>";
		};
		773F385224BBCF2600884B7A /* HelloAugmentedWorldTests */ = {
			isa = PBXGroup;
			children = (
				773F385324BBCF2600884B7A /* HelloAugmentedWorldTests.swift */,
				773F385524BBCF2600884B7A /* Info.plist */,
			);
			path = HelloAugmentedWorldTests;
			sourceTree = "<group>";
		};
		773F385D24BBCF2600884B7A /* HelloAugmentedWorldUITests */ = {
			isa = PBXGroup;
			children = (
				773F385E24BBCF2600884B7A /* HelloAugmentedWorldUITests.swift */,
				773F386024BBCF2600884B7A /* Info.plist */,
			);
			path = HelloAugmentedWorldUITests;
			sourceTree = "<group>";
		};
/* End PBXGroup section */

/* Begin PBXNativeTarget section */
		773F383824BBCF2500884B7A /* HelloAugmentedWorld */ = {
			isa = PBXNativeTarget;
			buildConfigurationList = 773F386324BBCF2600884B7A /* Build configuration list for PBXNativeTarget "HelloAugmentedWorld" */;
			buildPhases = (
				773F383524BBCF2500884B7A /* Sources */,
				773F383624BBCF2500884B7A /* Frameworks */,
				773F383724BBCF2500884B7A /* Resources */,
			);
			buildRules = (
			);
			dependencies = (
			);
			name = HelloAugmentedWorld;
			productName = HelloAugmentedWorld;
			productReference = 773F383924BBCF2500884B7A /* HelloAugmentedWorld.app */;
			productType = "com.apple.product-type.application";
		};
		773F384E24BBCF2600884B7A /* HelloAugmentedWorldTests */ = {
			isa = PBXNativeTarget;
			buildConfigurationList = 773F386624BBCF2600884B7A /* Build configuration list for PBXNativeTarget "HelloAugmentedWorldTests" */;
			buildPhases = (
				773F384B24BBCF2600884B7A /* Sources */,
				773F384C24BBCF2600884B7A /* Frameworks */,
				773F384D24BBCF2600884B7A /* Resources */,
			);
			buildRules = (
			);
			dependencies = (
				773F385124BBCF2600884B7A /* PBXTargetDependency */,
			);
			name = HelloAugmentedWorldTests;
			productName = HelloAugmentedWorldTests;
			productReference = 773F384F24BBCF2600884B7A /* HelloAugmentedWorldTests.xctest */;
			productType = "com.apple.product-type.bundle.unit-test";
		};
		773F385924BBCF2600884B7A /* HelloAugmentedWorldUITests */ = {
			isa = PBXNativeTarget;
			buildConfigurationList = 773F386924BBCF2600884B7A /* Build configuration list for PBXNativeTarget "HelloAugmentedWorldUITests" */;
			buildPhases = (
				773F385624BBCF2600884B7A /* Sources */,
				773F385724BBCF2600884B7A /* Frameworks */,
				773F385824BBCF2600884B7A /* Resources */,
			);
			buildRules = (
			);
			dependencies = (
				773F385C24BBCF2600884B7A /* PBXTargetDependency */,
			);
			name = HelloAugmentedWorldUITests;
			productName = HelloAugmentedWorldUITests;
			productReference = 773F385A24BBCF2600884B7A /* HelloAugmentedWorldUITests.xctest */;
			productType = "com.apple.product-type.bundle.ui-testing";
		};
/* End PBXNativeTarget section */

/* Begin PBXProject section */
		773F383124BBCF2500884B7A /* Project object */ = {
			isa = PBXProject;
			attributes = {
				LastSwiftUpdateCheck = 1200;
				LastUpgradeCheck = 1200;
				TargetAttributes = {
					773F383824BBCF2500884B7A = {
						CreatedOnToolsVersion = 12.0;
					};
					773F384E24BBCF2600884B7A = {
						CreatedOnToolsVersion = 12.0;
						TestTargetID = 773F383824BBCF2500884B7A;
					};
					773F385924BBCF2600884B7A = {
						CreatedOnToolsVersion = 12.0;
						TestTargetID = 773F383824BBCF2500884B7A;
					};
				};
			};
			buildConfigurationList = 773F383424BBCF2500884B7A /* Build configuration list for PBXProject "HelloAugmentedWorld" */;
			compatibilityVersion = "Xcode 9.3";
			developmentRegion = en;
			hasScannedForEncodings = 0;
			knownRegions = (
				en,
				Base,
			);
			mainGroup = 773F383024BBCF2500884B7A;
			productRefGroup = 773F383A24BBCF2500884B7A /* Products */;
			projectDirPath = "";
			projectRoot = "";
			targets = (
				773F383824BBCF2500884B7A /* HelloAugmentedWorld */,
				773F384E24BBCF2600884B7A /* HelloAugmentedWorldTests */,
				773F385924BBCF2600884B7A /* HelloAugmentedWorldUITests */,
			);
		};
/* End PBXProject section */

/* Begin PBXResourcesBuildPhase section */
		773F383724BBCF2500884B7A /* Resources */ = {
			isa = PBXResourcesBuildPhase;
			buildActionMask = 2147483647;
			files = (
				773F383F24BBCF2500884B7A /* art.scnassets in Resources */,
				773F384924BBCF2600884B7A /* LaunchScreen.storyboard in Resources */,
				773F384624BBCF2600884B7A /* Assets.xcassets in Resources */,
				773F384424BBCF2500884B7A /* Main.storyboard in Resources */,
			);
			runOnlyForDeploymentPostprocessing = 0;
		};
		773F384D24BBCF2600884B7A /* Resources */ = {
			isa = PBXResourcesBuildPhase;
			buildActionMask = 2147483647;
			files = (
			);
			runOnlyForDeploymentPostprocessing = 0;
		};
		773F385824BBCF2600884B7A /* Resources */ = {
			isa = PBXResourcesBuildPhase;
			buildActionMask = 2147483647;
			files = (
			);
			runOnlyForDeploymentPostprocessing = 0;
		};
/* End PBXResourcesBuildPhase section */

/* Begin PBXSourcesBuildPhase section */
		773F383524BBCF2500884B7A /* Sources */ = {
			isa = PBXSourcesBuildPhase;
			buildActionMask = 2147483647;
			files = (
				773F384124BBCF2500884B7A /* ViewController.swift in Sources */,
				773F383D24BBCF2500884B7A /* AppDelegate.swift in Sources */,
			);
			runOnlyForDeploymentPostprocessing = 0;
		};
		773F384B24BBCF2600884B7A /* Sources */ = {
			isa = PBXSourcesBuildPhase;
			buildActionMask = 2147483647;
			files = (
				773F385424BBCF2600884B7A /* HelloAugmentedWorldTests.swift in Sources */,
			);
			runOnlyForDeploymentPostprocessing = 0;
		};
		773F385624BBCF2600884B7A /* Sources */ = {
			isa = PBXSourcesBuildPhase;
			buildActionMask = 2147483647;
			files = (
				773F385F24BBCF2600884B7A /* HelloAugmentedWorldUITests.swift in Sources */,
			);
			runOnlyForDeploymentPostprocessing = 0;
		};
/* End PBXSourcesBuildPhase section */

/* Begin PBXTargetDependency section */
		773F385124BBCF2600884B7A /* PBXTargetDependency */ = {
			isa = PBXTargetDependency;
			target = 773F383824BBCF2500884B7A /* HelloAugmentedWorld */;
			targetProxy = 773F385024BBCF2600884B7A /* PBXContainerItemProxy */;
		};
		773F385C24BBCF2600884B7A /* PBXTargetDependency */ = {
			isa = PBXTargetDependency;
			target = 773F383824BBCF2500884B7A /* HelloAugmentedWorld */;
			targetProxy = 773F385B24BBCF2600884B7A /* PBXContainerItemProxy */;
		};
/* End PBXTargetDependency section */

/* Begin PBXVariantGroup section */
		773F384224BBCF2500884B7A /* Main.storyboard */ = {
			isa = PBXVariantGroup;
			children = (
				773F384324BBCF2500884B7A /* Base */,
			);
			name = Main.storyboard;
			sourceTree = "<group>";
		};
		773F384724BBCF2600884B7A /* LaunchScreen.storyboard */ = {
			isa = PBXVariantGroup;
			children = (
				773F384824BBCF2600884B7A /* Base */,
			);
			name = LaunchScreen.storyboard;
			sourceTree = "<group>";
		};
/* End PBXVariantGroup section */

/* Begin XCBuildConfiguration section */
		773F386124BBCF2600884B7A /* Debug */ = {
			isa = XCBuildConfiguration;
			buildSettings = {
				ALWAYS_SEARCH_USER_PATHS = NO;
				CLANG_ANALYZER_NONNULL = YES;
				CLANG_ANALYZER_NUMBER_OBJECT_CONVERSION = YES_AGGRESSIVE;
				CLANG_CXX_LANGUAGE_STANDARD = "gnu++14";
				CLANG_CXX_LIBRARY = "libc++";
				CLANG_ENABLE_MODULES = YES;
				CLANG_ENABLE_OBJC_ARC = YES;
				CLANG_ENABLE_OBJC_WEAK = YES;
				CLANG_WARN_BLOCK_CAPTURE_AUTORELEASING = YES;
				CLANG_WARN_BOOL_CONVERSION = YES;
				CLANG_WARN_COMMA = YES;
				CLANG_WARN_CONSTANT_CONVERSION = YES;
				CLANG_WARN_DEPRECATED_OBJC_IMPLEMENTATIONS = YES;
				CLANG_WARN_DIRECT_OBJC_ISA_USAGE = YES_ERROR;
				CLANG_WARN_DOCUMENTATION_COMMENTS = YES;
				CLANG_WARN_EMPTY_BODY = YES;
				CLANG_WARN_ENUM_CONVERSION = YES;
				CLANG_WARN_INFINITE_RECURSION = YES;
				CLANG_WARN_INT_CONVERSION = YES;
				CLANG_WARN_NON_LITERAL_NULL_CONVERSION = YES;
				CLANG_WARN_OBJC_IMPLICIT_RETAIN_SELF = YES;
				CLANG_WARN_OBJC_LITERAL_CONVERSION = YES;
				CLANG_WARN_OBJC_ROOT_CLASS = YES_ERROR;
				CLANG_WARN_QUOTED_INCLUDE_IN_FRAMEWORK_HEADER = YES;
				CLANG_WARN_RANGE_LOOP_ANALYSIS = YES;
				CLANG_WARN_STRICT_PROTOTYPES = YES;
				CLANG_WARN_SUSPICIOUS_MOVE = YES;
				CLANG_WARN_UNGUARDED_AVAILABILITY = YES_AGGRESSIVE;
				CLANG_WARN_UNREACHABLE_CODE = YES;
				CLANG_WARN__DUPLICATE_METHOD_MATCH = YES;
				COPY_PHASE_STRIP = NO;
				DEBUG_INFORMATION_FORMAT = dwarf;
				ENABLE_STRICT_OBJC_MSGSEND = YES;
				ENABLE_TESTABILITY = YES;
				GCC_C_LANGUAGE_STANDARD = gnu11;
				GCC_DYNAMIC_NO_PIC = NO;
				GCC_NO_COMMON_BLOCKS = YES;
				GCC_OPTIMIZATION_LEVEL = 0;
				GCC_PREPROCESSOR_DEFINITIONS = (
					"DEBUG=1",
					"$(inherited)",
				);
				GCC_WARN_64_TO_32_BIT_CONVERSION = YES;
				GCC_WARN_ABOUT_RETURN_TYPE = YES_ERROR;
				GCC_WARN_UNDECLARED_SELECTOR = YES;
				GCC_WARN_UNINITIALIZED_AUTOS = YES_AGGRESSIVE;
				GCC_WARN_UNUSED_FUNCTION = YES;
				GCC_WARN_UNUSED_VARIABLE = YES;
				IPHONEOS_DEPLOYMENT_TARGET = 14.0;
				MTL_ENABLE_DEBUG_INFO = INCLUDE_SOURCE;
				MTL_FAST_MATH = YES;
				ONLY_ACTIVE_ARCH = YES;
				SDKROOT = iphoneos;
				SWIFT_ACTIVE_COMPILATION_CONDITIONS = DEBUG;
				SWIFT_OPTIMIZATION_LEVEL = "-Onone";
			};
			name = Debug;
		};
		773F386224BBCF2600884B7A /* Release */ = {
			isa = XCBuildConfiguration;
			buildSettings = {
				ALWAYS_SEARCH_USER_PATHS = NO;
				CLANG_ANALYZER_NONNULL = YES;
				CLANG_ANALYZER_NUMBER_OBJECT_CONVERSION = YES_AGGRESSIVE;
				CLANG_CXX_LANGUAGE_STANDARD = "gnu++14";
				CLANG_CXX_LIBRARY = "libc++";
				CLANG_ENABLE_MODULES = YES;
				CLANG_ENABLE_OBJC_ARC = YES;
				CLANG_ENABLE_OBJC_WEAK = YES;
				CLANG_WARN_BLOCK_CAPTURE_AUTORELEASING = YES;
				CLANG_WARN_BOOL_CONVERSION = YES;
				CLANG_WARN_COMMA = YES;
				CLANG_WARN_CONSTANT_CONVERSION = YES;
				CLANG_WARN_DEPRECATED_OBJC_IMPLEMENTATIONS = YES;
				CLANG_WARN_DIRECT_OBJC_ISA_USAGE = YES_ERROR;
				CLANG_WARN_DOCUMENTATION_COMMENTS = YES;
				CLANG_WARN_EMPTY_BODY = YES;
				CLANG_WARN_ENUM_CONVERSION = YES;
				CLANG_WARN_INFINITE_RECURSION = YES;
				CLANG_WARN_INT_CONVERSION = YES;
				CLANG_WARN_NON_LITERAL_NULL_CONVERSION = YES;
				CLANG_WARN_OBJC_IMPLICIT_RETAIN_SELF = YES;
				CLANG_WARN_OBJC_LITERAL_CONVERSION = YES;
				CLANG_WARN_OBJC_ROOT_CLASS = YES_ERROR;
				CLANG_WARN_QUOTED_INCLUDE_IN_FRAMEWORK_HEADER = YES;
				CLANG_WARN_RANGE_LOOP_ANALYSIS = YES;
				CLANG_WARN_STRICT_PROTOTYPES = YES;
				CLANG_WARN_SUSPICIOUS_MOVE = YES;
				CLANG_WARN_UNGUARDED_AVAILABILITY = YES_AGGRESSIVE;
				CLANG_WARN_UNREACHABLE_CODE = YES;
				CLANG_WARN__DUPLICATE_METHOD_MATCH = YES;
				COPY_PHASE_STRIP = NO;
				DEBUG_INFORMATION_FORMAT = "dwarf-with-dsym";
				ENABLE_NS_ASSERTIONS = NO;
				ENABLE_STRICT_OBJC_MSGSEND = YES;
				GCC_C_LANGUAGE_STANDARD = gnu11;
				GCC_NO_COMMON_BLOCKS = YES;
				GCC_WARN_64_TO_32_BIT_CONVERSION = YES;
				GCC_WARN_ABOUT_RETURN_TYPE = YES_ERROR;
				GCC_WARN_UNDECLARED_SELECTOR = YES;
				GCC_WARN_UNINITIALIZED_AUTOS = YES_AGGRESSIVE;
				GCC_WARN_UNUSED_FUNCTION = YES;
				GCC_WARN_UNUSED_VARIABLE = YES;
				IPHONEOS_DEPLOYMENT_TARGET = 14.0;
				MTL_ENABLE_DEBUG_INFO = NO;
				MTL_FAST_MATH = YES;
				SDKROOT = iphoneos;
				SWIFT_COMPILATION_MODE = wholemodule;
				SWIFT_OPTIMIZATION_LEVEL = "-O";
				VALIDATE_PRODUCT = YES;
			};
			name = Release;
		};
		773F386424BBCF2600884B7A /* Debug */ = {
			isa = XCBuildConfiguration;
			buildSettings = {
				ASSETCATALOG_COMPILER_APPICON_NAME = AppIcon;
				ASSETCATALOG_COMPILER_GLOBAL_ACCENT_COLOR_NAME = AccentColor;
				CODE_SIGN_STYLE = Automatic;
				DEVELOPMENT_TEAM = R93LPRN9AG;
				INFOPLIST_FILE = HelloAugmentedWorld/Info.plist;
				IPHONEOS_DEPLOYMENT_TARGET = 13.5;
				LD_RUNPATH_SEARCH_PATHS = (
					"$(inherited)",
					"@executable_path/Frameworks",
				);
				PRODUCT_BUNDLE_IDENTIFIER = Tonebaby.HelloAugmentedWorld;
				PRODUCT_NAME = "$(TARGET_NAME)";
				SWIFT_VERSION = 5.0;
				TARGETED_DEVICE_FAMILY = "1,2";
			};
			name = Debug;
		};
		773F386524BBCF2600884B7A /* Release */ = {
			isa = XCBuildConfiguration;
			buildSettings = {
				ASSETCATALOG_COMPILER_APPICON_NAME = AppIcon;
				ASSETCATALOG_COMPILER_GLOBAL_ACCENT_COLOR_NAME = AccentColor;
				CODE_SIGN_STYLE = Automatic;
				DEVELOPMENT_TEAM = R93LPRN9AG;
				INFOPLIST_FILE = HelloAugmentedWorld/Info.plist;
				IPHONEOS_DEPLOYMENT_TARGET = 13.5;
				LD_RUNPATH_SEARCH_PATHS = (
					"$(inherited)",
					"@executable_path/Frameworks",
				);
				PRODUCT_BUNDLE_IDENTIFIER = Tonebaby.HelloAugmentedWorld;
				PRODUCT_NAME = "$(TARGET_NAME)";
				SWIFT_VERSION = 5.0;
				TARGETED_DEVICE_FAMILY = "1,2";
			};
			name = Release;
		};
		773F386724BBCF2600884B7A /* Debug */ = {
			isa = XCBuildConfiguration;
			buildSettings = {
				ALWAYS_EMBED_SWIFT_STANDARD_LIBRARIES = YES;
				BUNDLE_LOADER = "$(TEST_HOST)";
				CODE_SIGN_STYLE = Automatic;
				INFOPLIST_FILE = HelloAugmentedWorldTests/Info.plist;
				IPHONEOS_DEPLOYMENT_TARGET = 14.0;
				LD_RUNPATH_SEARCH_PATHS = (
					"$(inherited)",
					"@executable_path/Frameworks",
					"@loader_path/Frameworks",
				);
				PRODUCT_BUNDLE_IDENTIFIER = Tonebaby.HelloAugmentedWorldTests;
				PRODUCT_NAME = "$(TARGET_NAME)";
				SWIFT_VERSION = 5.0;
				TARGETED_DEVICE_FAMILY = "1,2";
				TEST_HOST = "$(BUILT_PRODUCTS_DIR)/HelloAugmentedWorld.app/HelloAugmentedWorld";
			};
			name = Debug;
		};
		773F386824BBCF2600884B7A /* Release */ = {
			isa = XCBuildConfiguration;
			buildSettings = {
				ALWAYS_EMBED_SWIFT_STANDARD_LIBRARIES = YES;
				BUNDLE_LOADER = "$(TEST_HOST)";
				CODE_SIGN_STYLE = Automatic;
				INFOPLIST_FILE = HelloAugmentedWorldTests/Info.plist;
				IPHONEOS_DEPLOYMENT_TARGET = 14.0;
				LD_RUNPATH_SEARCH_PATHS = (
					"$(inherited)",
					"@executable_path/Frameworks",
					"@loader_path/Frameworks",
				);
				PRODUCT_BUNDLE_IDENTIFIER = Tonebaby.HelloAugmentedWorldTests;
				PRODUCT_NAME = "$(TARGET_NAME)";
				SWIFT_VERSION = 5.0;
				TARGETED_DEVICE_FAMILY = "1,2";
				TEST_HOST = "$(BUILT_PRODUCTS_DIR)/HelloAugmentedWorld.app/HelloAugmentedWorld";
			};
			name = Release;
		};
		773F386A24BBCF2600884B7A /* Debug */ = {
			isa = XCBuildConfiguration;
			buildSettings = {
				ALWAYS_EMBED_SWIFT_STANDARD_LIBRARIES = YES;
				CODE_SIGN_STYLE = Automatic;
				INFOPLIST_FILE = HelloAugmentedWorldUITests/Info.plist;
				LD_RUNPATH_SEARCH_PATHS = (
					"$(inherited)",
					"@executable_path/Frameworks",
					"@loader_path/Frameworks",
				);
				PRODUCT_BUNDLE_IDENTIFIER = Tonebaby.HelloAugmentedWorldUITests;
				PRODUCT_NAME = "$(TARGET_NAME)";
				SWIFT_VERSION = 5.0;
				TARGETED_DEVICE_FAMILY = "1,2";
				TEST_TARGET_NAME = HelloAugmentedWorld;
			};
			name = Debug;
		};
		773F386B24BBCF2600884B7A /* Release */ = {
			isa = XCBuildConfiguration;
			buildSettings = {
				ALWAYS_EMBED_SWIFT_STANDARD_LIBRARIES = YES;
				CODE_SIGN_STYLE = Automatic;
				INFOPLIST_FILE = HelloAugmentedWorldUITests/Info.plist;
				LD_RUNPATH_SEARCH_PATHS = (
					"$(inherited)",
					"@executable_path/Frameworks",
					"@loader_path/Frameworks",
				);
				PRODUCT_BUNDLE_IDENTIFIER = Tonebaby.HelloAugmentedWorldUITests;
				PRODUCT_NAME = "$(TARGET_NAME)";
				SWIFT_VERSION = 5.0;
				TARGETED_DEVICE_FAMILY = "1,2";
				TEST_TARGET_NAME = HelloAugmentedWorld;
			};
			name = Release;
		};
/* End XCBuildConfiguration section */

/* Begin XCConfigurationList section */
		773F383424BBCF2500884B7A /* Build configuration list for PBXProject "HelloAugmentedWorld" */ = {
			isa = XCConfigurationList;
			buildConfigurations = (
				773F386124BBCF2600884B7A /* Debug */,
				773F386224BBCF2600884B7A /* Release */,
			);
			defaultConfigurationIsVisible = 0;
			defaultConfigurationName = Release;
		};
		773F386324BBCF2600884B7A /* Build configuration list for PBXNativeTarget "HelloAugmentedWorld" */ = {
			isa = XCConfigurationList;
			buildConfigurations = (
				773F386424BBCF2600884B7A /* Debug */,
				773F386524BBCF2600884B7A /* Release */,
			);
			defaultConfigurationIsVisible = 0;
			defaultConfigurationName = Release;
		};
		773F386624BBCF2600884B7A /* Build configuration list for PBXNativeTarget "HelloAugmentedWorldTests" */ = {
			isa = XCConfigurationList;
			buildConfigurations = (
				773F386724BBCF2600884B7A /* Debug */,
				773F386824BBCF2600884B7A /* Release */,
			);
			defaultConfigurationIsVisible = 0;
			defaultConfigurationName = Release;
		};
		773F386924BBCF2600884B7A /* Build configuration list for PBXNativeTarget "HelloAugmentedWorldUITests" */ = {
			isa = XCConfigurationList;
			buildConfigurations = (
				773F386A24BBCF2600884B7A /* Debug */,
				773F386B24BBCF2600884B7A /* Release */,
			);
			defaultConfigurationIsVisible = 0;
			defaultConfigurationName = Release;
		};
/* End XCConfigurationList section */
	};
	rootObject = 773F383124BBCF2500884B7A /* Project object */;
}
